
Microsoft Visual Studio Solution File, Format Version 12.00
# Visual Studio Version 16
VisualStudioVersion = 16.0.29911.84
MinimumVisualStudioVersion = 10.0.40219.1
Project("{FAE04EC0-301F-11D3-BF4B-00C04F79EFBC}") = "WebAPI", "WebAPI\WebAPI.csproj", "{AAB2D89E-EDBE-48F0-A975-9443CE2857F5}"
EndProject
Global
	GlobalSection(SolutionConfigurationPlatforms) = preSolution
		Debug|Any CPU = Debug|Any CPU
		Release|Any CPU = Release|Any CPU
	EndGlobalSection
	GlobalSection(ProjectConfigurationPlatforms) = postSolution
		{AAB2D89E-EDBE-48F0-A975-9443CE2857F5}.Debug|Any CPU.ActiveCfg = Debug|Any CPU
		{AAB2D89E-EDBE-48F0-A975-9443CE2857F5}.Debug|Any CPU.Build.0 = Debug|Any CPU
		{AAB2D89E-EDBE-48F0-A975-9443CE2857F5}.Release|Any CPU.ActiveCfg = Release|Any CPU
		{AAB2D89E-EDBE-48F0-A975-9443CE2857F5}.Release|Any CPU.Build.0 = Release|Any CPU
	EndGlobalSection
	GlobalSection(SolutionProperties) = preSolution
		HideSolutionNode = FALSE
	EndGlobalSection
	GlobalSection(ExtensibilityGlobals) = postSolution
		SolutionGuid = {6ECE4976-B607-4F84-B4D1-19672BF2C450}
	EndGlobalSection
EndGlobal
